PODS:
  - BRLOptionParser (0.3.1)
  - GRMustache (7.3.2):
    - JRSwizzle (~> 1.0)
  - JRSwizzle (1.0)
  - VOKEmbeddedTemplateTools (0.1.0):
    - "VOKEmbeddedTemplateTools/NSData+VOKMachOEmbedded (= 0.1.0)"
    - VOKEmbeddedTemplateTools/VOKZZArchiveTemplateRepository (= 0.1.0)
    - "VOKEmbeddedTemplateTools/ZZArchive+VOKMachOEmbedded (= 0.1.0)"
  - "VOKEmbeddedTemplateTools/NSData+VOKMachOEmbedded (0.1.0)"
  - VOKEmbeddedTemplateTools/VOKZZArchiveTemplateRepository (0.1.0):
    - GRMustache (~> 7.3.0)
    - zipzap (~> 8.0.3)
  - "VOKEmbeddedTemplateTools/ZZArchive+VOKMachOEmbedded (0.1.0)":
    - "VOKEmbeddedTemplateTools/NSData+VOKMachOEmbedded"
    - zipzap (~> 8.0.3)
  - zipzap (8.0.3):
    - "zipzap/c++ (= 8.0.3)"
    - zipzap/objc (= 8.0.3)
    - "zipzap/objc++ (= 8.0.3)"
  - "zipzap/c++ (8.0.3)"
  - zipzap/objc (8.0.3)
  - "zipzap/objc++ (8.0.3)"

DEPENDENCIES:
  - BRLOptionParser (~> 0.3)
  - VOKEmbeddedTemplateTools (~> 0.1)
  - zipzap (= 8.0.3)

SPEC REPOS:
  trunk:
    - BRLOptionParser
    - GRMustache
    - JRSwizzle
    - VOKEmbeddedTemplateTools
    - zipzap

SPEC CHECKSUMS:
  BRLOptionParser: a03256a8ff003ca1f5376c55f55f210e085a3958
  GRMustache: ebe6104fd30a6d22c1f36af131e19e2dbf7cd292
  JRSwizzle: dd5ead5d913a0f29e7f558200165849f006bb1e3
  VOKEmbeddedTemplateTools: 15762bce5ba09135fe044d0dbb5b6fe0cc10eef2
  zipzap: 888667fa52eb1799a32fa3ef8e77001356e796e4

PODFILE CHECKSUM: 5d0eb5dcb4bea8276fa306c4739cd2023bf36713

COCOAPODS: 1.11.3
