// !$*UTF8*$!
{
	archiveVersion = 1;
	classes = {
	};
	objectVersion = 56;
	objects = {

/* Begin PBXBuildFile section */
		1EFACF957DB98ED3F2AD6471 /* libPods-Cat2Cat.a in Frameworks */ = {isa = PBXBuildFile; fileRef = B9293AD6E9A1E480999B0EB9 /* libPods-Cat2Cat.a */; };
		337C73DF188472F90078E5F8 /* main.m in Sources */ = {isa = PBXBuildFile; fileRef = 337C73DC188472F90078E5F8 /* main.m */; };
		337C73E0188472F90078E5F8 /* VICatalogWalker.m in Sources */ = {isa = PBXBuildFile; fileRef = 337C73DE188472F90078E5F8 /* VICatalogWalker.m */; };
		338287BE18773EC500070BE8 /* Foundation.framework in Frameworks */ = {isa = PBXBuildFile; fileRef = 338287BD18773EC500070BE8 /* Foundation.framework */; };
		71FF00E11A003B4200B3F38D /* VOKTemplateModel.m in Sources */ = {isa = PBXBuildFile; fileRef = 71FF00E01A003B3E00B3F38D /* VOKTemplateModel.m */; };
		71FF00E41A003B5600B3F38D /* VOKAssetCatalogFolderModel.m in Sources */ = {isa = PBXBuildFile; fileRef = 71FF00E31A003B5600B3F38D /* VOKAssetCatalogFolderModel.m */; };
		71FF00E71A003B6000B3F38D /* VOKAssetCatalogImageModel.m in Sources */ = {isa = PBXBuildFile; fileRef = 71FF00E61A003B6000B3F38D /* VOKAssetCatalogImageModel.m */; };
/* End PBXBuildFile section */

/* Begin PBXCopyFilesBuildPhase section */
		338287B818773EC500070BE8 /* CopyFiles */ = {
			isa = PBXCopyFilesBuildPhase;
			buildActionMask = 2147483647;
			dstPath = /usr/share/man/man1/;
			dstSubfolderSpec = 0;
			files = (
			);
			runOnlyForDeploymentPostprocessing = 1;
		};
/* End PBXCopyFilesBuildPhase section */

/* Begin PBXFileReference section */
		245A739B5BEC844C7D07CCAD /* Pods-Cat2Cat.release.xcconfig */ = {isa = PBXFileReference; includeInIndex = 1; lastKnownFileType = text.xcconfig; name = "Pods-Cat2Cat.release.xcconfig"; path = "Target Support Files/Pods-Cat2Cat/Pods-Cat2Cat.release.xcconfig"; sourceTree = "<group>"; };
		337C73DA188472E30078E5F8 /* Cat2Cat-Prefix.pch */ = {isa = PBXFileReference; fileEncoding = 4; lastKnownFileType = sourcecode.c.h; name = "Cat2Cat-Prefix.pch"; path = "Cat2Cat/Cat2Cat-Prefix.pch"; sourceTree = SOURCE_ROOT; };
		337C73DB188472F00078E5F8 /* Cat2Cat.1 */ = {isa = PBXFileReference; lastKnownFileType = text.man; name = Cat2Cat.1; path = Cat2Cat/Cat2Cat.1; sourceTree = SOURCE_ROOT; };
		337C73DC188472F90078E5F8 /* main.m */ = {isa = PBXFileReference; fileEncoding = 4; lastKnownFileType = sourcecode.c.objc; name = main.m; path = Cat2Cat/main.m; sourceTree = SOURCE_ROOT; };
		337C73DD188472F90078E5F8 /* VICatalogWalker.h */ = {isa = PBXFileReference; fileEncoding = 4; lastKnownFileType = sourcecode.c.h; name = VICatalogWalker.h; path = Cat2Cat/VICatalogWalker.h; sourceTree = SOURCE_ROOT; };
		337C73DE188472F90078E5F8 /* VICatalogWalker.m */ = {isa = PBXFileReference; fileEncoding = 4; lastKnownFileType = sourcecode.c.objc; name = VICatalogWalker.m; path = Cat2Cat/VICatalogWalker.m; sourceTree = SOURCE_ROOT; };
		338287BA18773EC500070BE8 /* Cat2Cat */ = {isa = PBXFileReference; explicitFileType = "compiled.mach-o.executable"; includeInIndex = 0; path = Cat2Cat; sourceTree = BUILT_PRODUCTS_DIR; };
		338287BD18773EC500070BE8 /* Foundation.framework */ = {isa = PBXFileReference; lastKnownFileType = wrapper.framework; name = Foundation.framework; path = System/Library/Frameworks/Foundation.framework; sourceTree = SDKROOT; };
		33B0A501188089A20058939D /* README.md */ = {isa = PBXFileReference; lastKnownFileType = text; path = README.md; sourceTree = SOURCE_ROOT; };
		71FBF78E1B7E9E4C00AF04D8 /* templates */ = {isa = PBXFileReference; lastKnownFileType = folder; path = templates; sourceTree = "<group>"; };
		71FF00DF1A003B3E00B3F38D /* VOKTemplateModel.h */ = {isa = PBXFileReference; lastKnownFileType = sourcecode.c.h; path = VOKTemplateModel.h; sourceTree = "<group>"; };
		71FF00E01A003B3E00B3F38D /* VOKTemplateModel.m */ = {isa = PBXFileReference; lastKnownFileType = sourcecode.c.objc; path = VOKTemplateModel.m; sourceTree = "<group>"; };
		71FF00E21A003B5600B3F38D /* VOKAssetCatalogFolderModel.h */ = {isa = PBXFileReference; fileEncoding = 4; lastKnownFileType = sourcecode.c.h; path = VOKAssetCatalogFolderModel.h; sourceTree = "<group>"; };
		71FF00E31A003B5600B3F38D /* VOKAssetCatalogFolderModel.m */ = {isa = PBXFileReference; fileEncoding = 4; lastKnownFileType = sourcecode.c.objc; path = VOKAssetCatalogFolderModel.m; sourceTree = "<group>"; };
		71FF00E51A003B6000B3F38D /* VOKAssetCatalogImageModel.h */ = {isa = PBXFileReference; fileEncoding = 4; lastKnownFileType = sourcecode.c.h; path = VOKAssetCatalogImageModel.h; sourceTree = "<group>"; };
		71FF00E61A003B6000B3F38D /* VOKAssetCatalogImageModel.m */ = {isa = PBXFileReference; fileEncoding = 4; lastKnownFileType = sourcecode.c.objc; path = VOKAssetCatalogImageModel.m; sourceTree = "<group>"; };
		B9293AD6E9A1E480999B0EB9 /* libPods-Cat2Cat.a */ = {isa = PBXFileReference; explicitFileType = archive.ar; includeInIndex = 0; path = "libPods-Cat2Cat.a"; sourceTree = BUILT_PRODUCTS_DIR; };
		D27DC7E4F484A80E684D50B3 /* Pods-Cat2Cat.debug.xcconfig */ = {isa = PBXFileReference; includeInIndex = 1; lastKnownFileType = text.xcconfig; name = "Pods-Cat2Cat.debug.xcconfig"; path = "Target Support Files/Pods-Cat2Cat/Pods-Cat2Cat.debug.xcconfig"; sourceTree = "<group>"; };
/* End PBXFileReference section */

/* Begin PBXFrameworksBuildPhase section */
		338287B718773EC500070BE8 /* Frameworks */ = {
			isa = PBXFrameworksBuildPhase;
			buildActionMask = 2147483647;
			files = (
				338287BE18773EC500070BE8 /* Foundation.framework in Frameworks */,
				1EFACF957DB98ED3F2AD6471 /* libPods-Cat2Cat.a in Frameworks */,
			);
			runOnlyForDeploymentPostprocessing = 0;
		};
/* End PBXFrameworksBuildPhase section */

/* Begin PBXGroup section */
		338287B118773EC500070BE8 = {
			isa = PBXGroup;
			children = (
				338287BF18773EC500070BE8 /* Cat2Cat */,
				338287BC18773EC500070BE8 /* Frameworks */,
				338287BB18773EC500070BE8 /* Products */,
				EB11E44A6D406E243F0AD5CF /* Pods */,
			);
			sourceTree = "<group>";
		};
		338287BB18773EC500070BE8 /* Products */ = {
			isa = PBXGroup;
			children = (
				338287BA18773EC500070BE8 /* Cat2Cat */,
			);
			name = Products;
			sourceTree = "<group>";
		};
		338287BC18773EC500070BE8 /* Frameworks */ = {
			isa = PBXGroup;
			children = (
				338287BD18773EC500070BE8 /* Foundation.framework */,
				B9293AD6E9A1E480999B0EB9 /* libPods-Cat2Cat.a */,
			);
			name = Frameworks;
			sourceTree = "<group>";
		};
		338287BF18773EC500070BE8 /* Cat2Cat */ = {
			isa = PBXGroup;
			children = (
				33B0A501188089A20058939D /* README.md */,
				337C73DC188472F90078E5F8 /* main.m */,
				337C73DD188472F90078E5F8 /* VICatalogWalker.h */,
				337C73DE188472F90078E5F8 /* VICatalogWalker.m */,
				71FF00DE1A003B3E00B3F38D /* Templating */,
				337C73DB188472F00078E5F8 /* Cat2Cat.1 */,
				338287C218773EC500070BE8 /* Supporting Files */,
			);
			path = Cat2Cat;
			sourceTree = "<group>";
		};
		338287C218773EC500070BE8 /* Supporting Files */ = {
			isa = PBXGroup;
			children = (
				337C73DA188472E30078E5F8 /* Cat2Cat-Prefix.pch */,
			);
			name = "Supporting Files";
			sourceTree = "<group>";
		};
		71FF00DE1A003B3E00B3F38D /* Templating */ = {
			isa = PBXGroup;
			children = (
				71FBF78E1B7E9E4C00AF04D8 /* templates */,
				71FF00E21A003B5600B3F38D /* VOKAssetCatalogFolderModel.h */,
				71FF00E31A003B5600B3F38D /* VOKAssetCatalogFolderModel.m */,
				71FF00E51A003B6000B3F38D /* VOKAssetCatalogImageModel.h */,
				71FF00E61A003B6000B3F38D /* VOKAssetCatalogImageModel.m */,
				71FF00DF1A003B3E00B3F38D /* VOKTemplateModel.h */,
				71FF00E01A003B3E00B3F38D /* VOKTemplateModel.m */,
			);
			path = Templating;
			sourceTree = SOURCE_ROOT;
		};
		EB11E44A6D406E243F0AD5CF /* Pods */ = {
			isa = PBXGroup;
			children = (
				D27DC7E4F484A80E684D50B3 /* Pods-Cat2Cat.debug.xcconfig */,
				245A739B5BEC844C7D07CCAD /* Pods-Cat2Cat.release.xcconfig */,
			);
			path = Pods;
			sourceTree = "<group>";
		};
/* End PBXGroup section */

/* Begin PBXNativeTarget section */
		338287B918773EC500070BE8 /* Cat2Cat */ = {
			isa = PBXNativeTarget;
			buildConfigurationList = 338287C818773EC500070BE8 /* Build configuration list for PBXNativeTarget "Cat2Cat" */;
			buildPhases = (
				F0595D516257E4B21E87E67E /* [CP] Check Pods Manifest.lock */,
				A6A9CDA329A1986C00CEFE78 /* Build templates */,
				338287B618773EC500070BE8 /* Sources */,
				338287B718773EC500070BE8 /* Frameworks */,
				338287B818773EC500070BE8 /* CopyFiles */,
			);
			buildRules = (
			);
			dependencies = (
			);
			name = Cat2Cat;
			productName = ImageNamer;
			productReference = 338287BA18773EC500070BE8 /* Cat2Cat */;
			productType = "com.apple.product-type.tool";
		};
/* End PBXNativeTarget section */

/* Begin PBXProject section */
		338287B218773EC500070BE8 /* Project object */ = {
			isa = PBXProject;
			attributes = {
				BuildIndependentTargetsInParallel = YES;
				LastUpgradeCheck = 1430;
				ORGANIZATIONNAME = Vokal;
			};
			buildConfigurationList = 338287B518773EC500070BE8 /* Build configuration list for PBXProject "Cat2Cat" */;
			compatibilityVersion = "Xcode 14.0";
			developmentRegion = en;
			hasScannedForEncodings = 0;
			knownRegions = (
				en,
				Base,
			);
			mainGroup = 338287B118773EC500070BE8;
			productRefGroup = 338287BB18773EC500070BE8 /* Products */;
			projectDirPath = "";
			projectRoot = "";
			targets = (
				338287B918773EC500070BE8 /* Cat2Cat */,
			);
		};
/* End PBXProject section */

/* Begin PBXShellScriptBuildPhase section */
		A6A9CDA329A1986C00CEFE78 /* Build templates */ = {
			isa = PBXShellScriptBuildPhase;
			buildActionMask = 2147483647;
			files = (
			);
			inputFileListPaths = (
			);
			inputPaths = (
				"${SRCROOT}/Templating/templates",
			);
			name = "Build templates";
			outputFileListPaths = (
			);
			outputPaths = (
				"${TARGET_BUILD_DIR}/template.zip",
			);
			runOnlyForDeploymentPostprocessing = 0;
			shellPath = /bin/sh;
			shellScript = "ditto -ck \"${SRCROOT}/Templating/templates\" \"${TARGET_BUILD_DIR}/template.zip\" || exit 1\n";
		};
		F0595D516257E4B21E87E67E /* [CP] Check Pods Manifest.lock */ = {
			isa = PBXShellScriptBuildPhase;
			buildActionMask = 2147483647;
			files = (
			);
			inputFileListPaths = (
			);
			inputPaths = (
				"${PODS_PODFILE_DIR_PATH}/Podfile.lock",
				"${PODS_ROOT}/Manifest.lock",
			);
			name = "[CP] Check Pods Manifest.lock";
			outputFileListPaths = (
			);
			outputPaths = (
				"$(DERIVED_FILE_DIR)/Pods-Cat2Cat-checkManifestLockResult.txt",
			);
			runOnlyForDeploymentPostprocessing = 0;
			shellPath = /bin/sh;
			shellScript = "diff \"${PODS_PODFILE_DIR_PATH}/Podfile.lock\" \"${PODS_ROOT}/Manifest.lock\" > /dev/null\nif [ $? != 0 ] ; then\n    # print error to STDERR\n    echo \"error: The sandbox is not in sync with the Podfile.lock. Run 'pod install' or update your CocoaPods installation.\" >&2\n    exit 1\nfi\n# This output is used by Xcode 'outputs' to avoid re-running this script phase.\necho \"SUCCESS\" > \"${SCRIPT_OUTPUT_FILE_0}\"\n";
			showEnvVarsInLog = 0;
		};
/* End PBXShellScriptBuildPhase section */

/* Begin PBXSourcesBuildPhase section */
		338287B618773EC500070BE8 /* Sources */ = {
			isa = PBXSourcesBuildPhase;
			buildActionMask = 2147483647;
			files = (
				71FF00E71A003B6000B3F38D /* VOKAssetCatalogImageModel.m in Sources */,
				337C73E0188472F90078E5F8 /* VICatalogWalker.m in Sources */,
				337C73DF188472F90078E5F8 /* main.m in Sources */,
				71FF00E11A003B4200B3F38D /* VOKTemplateModel.m in Sources */,
				71FF00E41A003B5600B3F38D /* VOKAssetCatalogFolderModel.m in Sources */,
			);
			runOnlyForDeploymentPostprocessing = 0;
		};
/* End PBXSourcesBuildPhase section */

/* Begin XCBuildConfiguration section */
		338287C618773EC500070BE8 /* Debug */ = {
			isa = XCBuildConfiguration;
			buildSettings = {
				ALWAYS_SEARCH_USER_PATHS = NO;
				CLANG_ANALYZER_LOCALIZABILITY_NONLOCALIZED = YES;
				CLANG_CXX_LANGUAGE_STANDARD = "gnu++0x";
				CLANG_CXX_LIBRARY = "libc++";
				CLANG_ENABLE_MODULES = YES;
				CLANG_ENABLE_OBJC_ARC = YES;
				CLANG_WARN_BLOCK_CAPTURE_AUTORELEASING = YES;
				CLANG_WARN_BOOL_CONVERSION = YES;
				CLANG_WARN_COMMA = YES;
				CLANG_WARN_CONSTANT_CONVERSION = YES;
				CLANG_WARN_DEPRECATED_OBJC_IMPLEMENTATIONS = YES;
				CLANG_WARN_DIRECT_OBJC_ISA_USAGE = YES_ERROR;
				CLANG_WARN_EMPTY_BODY = YES;
				CLANG_WARN_ENUM_CONVERSION = YES;
				CLANG_WARN_INFINITE_RECURSION = YES;
				CLANG_WARN_INT_CONVERSION = YES;
				CLANG_WARN_NON_LITERAL_NULL_CONVERSION = YES;
				CLANG_WARN_OBJC_IMPLICIT_RETAIN_SELF = YES;
				CLANG_WARN_OBJC_LITERAL_CONVERSION = YES;
				CLANG_WARN_OBJC_ROOT_CLASS = YES_ERROR;
				CLANG_WARN_QUOTED_INCLUDE_IN_FRAMEWORK_HEADER = YES;
				CLANG_WARN_RANGE_LOOP_ANALYSIS = YES;
				CLANG_WARN_STRICT_PROTOTYPES = YES;
				CLANG_WARN_SUSPICIOUS_MOVE = YES;
				CLANG_WARN_UNREACHABLE_CODE = YES;
				CLANG_WARN__DUPLICATE_METHOD_MATCH = YES;
				COPY_PHASE_STRIP = NO;
				DEAD_CODE_STRIPPING = YES;
				ENABLE_STRICT_OBJC_MSGSEND = YES;
				ENABLE_TESTABILITY = YES;
				GCC_C_LANGUAGE_STANDARD = gnu99;
				GCC_DYNAMIC_NO_PIC = NO;
				GCC_ENABLE_OBJC_EXCEPTIONS = YES;
				GCC_NO_COMMON_BLOCKS = YES;
				GCC_OPTIMIZATION_LEVEL = 0;
				GCC_PREPROCESSOR_DEFINITIONS = (
					"DEBUG=1",
					"$(inherited)",
				);
				GCC_SYMBOLS_PRIVATE_EXTERN = NO;
				GCC_WARN_64_TO_32_BIT_CONVERSION = YES;
				GCC_WARN_ABOUT_RETURN_TYPE = YES_ERROR;
				GCC_WARN_UNDECLARED_SELECTOR = YES;
				GCC_WARN_UNINITIALIZED_AUTOS = YES;
				GCC_WARN_UNUSED_FUNCTION = YES;
				GCC_WARN_UNUSED_VARIABLE = YES;
				MACOSX_DEPLOYMENT_TARGET = I;
				ONLY_ACTIVE_ARCH = YES;
				SDKROOT = macosx;
			};
			name = Debug;
		};
		338287C718773EC500070BE8 /* Release */ = {
			isa = XCBuildConfiguration;
			buildSettings = {
				ALWAYS_SEARCH_USER_PATHS = NO;
				CLANG_ANALYZER_LOCALIZABILITY_NONLOCALIZED = YES;
				CLANG_CXX_LANGUAGE_STANDARD = "gnu++0x";
				CLANG_CXX_LIBRARY = "libc++";
				CLANG_ENABLE_MODULES = YES;
				CLANG_ENABLE_OBJC_ARC = YES;
				CLANG_WARN_BLOCK_CAPTURE_AUTORELEASING = YES;
				CLANG_WARN_BOOL_CONVERSION = YES;
				CLANG_WARN_COMMA = YES;
				CLANG_WARN_CONSTANT_CONVERSION = YES;
				CLANG_WARN_DEPRECATED_OBJC_IMPLEMENTATIONS = YES;
				CLANG_WARN_DIRECT_OBJC_ISA_USAGE = YES_ERROR;
				CLANG_WARN_EMPTY_BODY = YES;
				CLANG_WARN_ENUM_CONVERSION = YES;
				CLANG_WARN_INFINITE_RECURSION = YES;
				CLANG_WARN_INT_CONVERSION = YES;
				CLANG_WARN_NON_LITERAL_NULL_CONVERSION = YES;
				CLANG_WARN_OBJC_IMPLICIT_RETAIN_SELF = YES;
				CLANG_WARN_OBJC_LITERAL_CONVERSION = YES;
				CLANG_WARN_OBJC_ROOT_CLASS = YES_ERROR;
				CLANG_WARN_QUOTED_INCLUDE_IN_FRAMEWORK_HEADER = YES;
				CLANG_WARN_RANGE_LOOP_ANALYSIS = YES;
				CLANG_WARN_STRICT_PROTOTYPES = YES;
				CLANG_WARN_SUSPICIOUS_MOVE = YES;
				CLANG_WARN_UNREACHABLE_CODE = YES;
				CLANG_WARN__DUPLICATE_METHOD_MATCH = YES;
				COPY_PHASE_STRIP = YES;
				DEAD_CODE_STRIPPING = YES;
				DEBUG_INFORMATION_FORMAT = "dwarf-with-dsym";
				ENABLE_NS_ASSERTIONS = NO;
				ENABLE_STRICT_OBJC_MSGSEND = YES;
				GCC_C_LANGUAGE_STANDARD = gnu99;
				GCC_ENABLE_OBJC_EXCEPTIONS = YES;
				GCC_NO_COMMON_BLOCKS = YES;
				GCC_WARN_64_TO_32_BIT_CONVERSION = YES;
				GCC_WARN_ABOUT_RETURN_TYPE = YES_ERROR;
				GCC_WARN_UNDECLARED_SELECTOR = YES;
				GCC_WARN_UNINITIALIZED_AUTOS = YES;
				GCC_WARN_UNUSED_FUNCTION = YES;
				GCC_WARN_UNUSED_VARIABLE = YES;
				MACOSX_DEPLOYMENT_TARGET = I;
				SDKROOT = macosx;
			};
			name = Release;
		};
		338287C918773EC500070BE8 /* Debug */ = {
			isa = XCBuildConfiguration;
			baseConfigurationReference = D27DC7E4F484A80E684D50B3 /* Pods-Cat2Cat.debug.xcconfig */;
			buildSettings = {
				CODE_SIGN_IDENTITY = "Apple Development";
				CODE_SIGN_STYLE = Automatic;
				DEAD_CODE_STRIPPING = YES;
				DEVELOPMENT_TEAM = ZYH5WDPX24;
				GCC_PRECOMPILE_PREFIX_HEADER = YES;
				GCC_PREFIX_HEADER = "Cat2Cat/Cat2Cat-Prefix.pch";
				MACOSX_DEPLOYMENT_TARGET = "$(RECOMMENDED_MACOSX_DEPLOYMENT_TARGET)";
				OTHER_LDFLAGS = (
					"$(inherited)",
					"-sectcreate",
					__TEXT,
					__c2c_tmplt_zip,
					"\"${TARGET_BUILD_DIR}/template.zip\"",
				);
				PRODUCT_BUNDLE_IDENTIFIER = com.mirego.Cat2Cat;
				PRODUCT_NAME = Cat2Cat;
				PROVISIONING_PROFILE_SPECIFIER = "";
			};
			name = Debug;
		};
		338287CA18773EC500070BE8 /* Release */ = {
			isa = XCBuildConfiguration;
			baseConfigurationReference = 245A739B5BEC844C7D07CCAD /* Pods-Cat2Cat.release.xcconfig */;
			buildSettings = {
				CODE_SIGN_IDENTITY = "Apple Development";
				CODE_SIGN_STYLE = Automatic;
				DEAD_CODE_STRIPPING = YES;
				DEVELOPMENT_TEAM = ZYH5WDPX24;
				GCC_PRECOMPILE_PREFIX_HEADER = YES;
				GCC_PREFIX_HEADER = "Cat2Cat/Cat2Cat-Prefix.pch";
				MACOSX_DEPLOYMENT_TARGET = "$(RECOMMENDED_MACOSX_DEPLOYMENT_TARGET)";
				OTHER_LDFLAGS = (
					"$(inherited)",
					"-sectcreate",
					__TEXT,
					__c2c_tmplt_zip,
					"\"${TARGET_BUILD_DIR}/template.zip\"",
				);
				PRODUCT_BUNDLE_IDENTIFIER = com.mirego.Cat2Cat;
				PRODUCT_NAME = Cat2Cat;
				PROVISIONING_PROFILE_SPECIFIER = "";
			};
			name = Release;
		};
/* End XCBuildConfiguration section */

/* Begin XCConfigurationList section */
		338287B518773EC500070BE8 /* Build configuration list for PBXProject "Cat2Cat" */ = {
			isa = XCConfigurationList;
			buildConfigurations = (
				338287C618773EC500070BE8 /* Debug */,
				338287C718773EC500070BE8 /* Release */,
			);
			defaultConfigurationIsVisible = 0;
			defaultConfigurationName = Release;
		};
		338287C818773EC500070BE8 /* Build configuration list for PBXNativeTarget "Cat2Cat" */ = {
			isa = XCConfigurationList;
			buildConfigurations = (
				338287C918773EC500070BE8 /* Debug */,
				338287CA18773EC500070BE8 /* Release */,
			);
			defaultConfigurationIsVisible = 0;
			defaultConfigurationName = Release;
		};
/* End XCConfigurationList section */
	};
	rootObject = 338287B218773EC500070BE8 /* Project object */;
}
